
Microsoft Visual Studio Solution File, Format Version 12.00
# Visual Studio Version 17
VisualStudioVersion = 17.11.35327.3
MinimumVisualStudioVersion = 10.0.40219.1
Project("{FAE04EC0-301F-11D3-BF4B-00C04F79EFBC}") = "WalkthroughApp", "WalkthroughApp.csproj", "{3047BBA7-CECA-490F-9076-5C4D059FEBB1}"
EndProject
Global
	GlobalSection(SolutionConfigurationPlatforms) = preSolution
		Debug|Any CPU = Debug|Any CPU
		Release|Any CPU = Release|Any CPU
	EndGlobalSection
	GlobalSection(ProjectConfigurationPlatforms) = postSolution
		{3047BBA7-CECA-490F-9076-5C4D059FEBB1}.Debug|Any CPU.ActiveCfg = Debug|Any CPU
		{3047BBA7-CECA-490F-9076-5C4D059FEBB1}.Debug|Any CPU.Build.0 = Debug|Any CPU
		{3047BBA7-CECA-490F-9076-5C4D059FEBB1}.Release|Any CPU.ActiveCfg = Release|Any CPU
		{3047BBA7-CECA-490F-9076-5C4D059FEBB1}.Release|Any CPU.Build.0 = Release|Any CPU
	EndGlobalSection
	GlobalSection(SolutionProperties) = preSolution
		HideSolutionNode = FALSE
	EndGlobalSection
	GlobalSection(ExtensibilityGlobals) = postSolution
		SolutionGuid = {630DDC8E-DBED-419A-86A5-D7339BF09BDF}
	EndGlobalSection
EndGlobal
